// !$*UTF8*$!
{
	archiveVersion = 1;
	classes = {
	};
	objectVersion = 46;
	objects = {

/* Begin PBXBuildFile section */
		77CEC5691A3A9D4000E0E968 /* DXPageViewController.m in Sources */ = {isa = PBXBuildFile; fileRef = 77CEC5681A3A9D4000E0E968 /* DXPageViewController.m */; };
		BE155B041A37EEF9008486DA /* AssetsLibrary.framework in Frameworks */ = {isa = PBXBuildFile; fileRef = BE155B031A37EEF9008486DA /* AssetsLibrary.framework */; };
		BE155B071A37F0BD008486DA /* HomeViewController.m in Sources */ = {isa = PBXBuildFile; fileRef = BE155B061A37F0BD008486DA /* HomeViewController.m */; };
		BE640A8D1A399BFB00761C38 /* DXImagePicker.m in Sources */ = {isa = PBXBuildFile; fileRef = BE640A841A399BFB00761C38 /* DXImagePicker.m */; };
		BE640A8E1A399BFB00761C38 /* DXImagePickerImage.bundle in Resources */ = {isa = PBXBuildFile; fileRef = BE640A851A399BFB00761C38 /* DXImagePickerImage.bundle */; };
		BE640A8F1A399BFB00761C38 /* DXPhotoCollectionViewCell.m in Sources */ = {isa = PBXBuildFile; fileRef = BE640A871A399BFB00761C38 /* DXPhotoCollectionViewCell.m */; };
		BE640A901A399BFB00761C38 /* DXPopover.m in Sources */ = {isa = PBXBuildFile; fileRef = BE640A8A1A399BFB00761C38 /* DXPopover.m */; };
		BE640A941A399C2900761C38 /* DXUtilViews.m in Sources */ = {isa = PBXBuildFile; fileRef = BE640A931A399C2900761C38 /* DXUtilViews.m */; };
		BE7FCA8C1A37E782005C64F0 /* Foundation.framework in Frameworks */ = {isa = PBXBuildFile; fileRef = BE7FCA8B1A37E782005C64F0 /* Foundation.framework */; };
		BE7FCA8E1A37E782005C64F0 /* CoreGraphics.framework in Frameworks */ = {isa = PBXBuildFile; fileRef = BE7FCA8D1A37E782005C64F0 /* CoreGraphics.framework */; };
		BE7FCA901A37E782005C64F0 /* UIKit.framework in Frameworks */ = {isa = PBXBuildFile; fileRef = BE7FCA8F1A37E782005C64F0 /* UIKit.framework */; };
		BE7FCA961A37E782005C64F0 /* InfoPlist.strings in Resources */ = {isa = PBXBuildFile; fileRef = BE7FCA941A37E782005C64F0 /* InfoPlist.strings */; };
		BE7FCA981A37E782005C64F0 /* main.m in Sources */ = {isa = PBXBuildFile; fileRef = BE7FCA971A37E782005C64F0 /* main.m */; };
		BE7FCA9C1A37E782005C64F0 /* DXAppDelegate.m in Sources */ = {isa = PBXBuildFile; fileRef = BE7FCA9B1A37E782005C64F0 /* DXAppDelegate.m */; };
		BE7FCA9E1A37E782005C64F0 /* Images.xcassets in Resources */ = {isa = PBXBuildFile; fileRef = BE7FCA9D1A37E782005C64F0 /* Images.xcassets */; };
		BEF55D821A3A9090004BB443 /* DXDetailImageViewController.m in Sources */ = {isa = PBXBuildFile; fileRef = BEF55D811A3A9090004BB443 /* DXDetailImageViewController.m */; };
/* End PBXBuildFile section */

/* Begin PBXFileReference section */
		77CEC5671A3A9D4000E0E968 /* DXPageViewController.h */ = {isa = PBXFileReference; fileEncoding = 4; lastKnownFileType = sourcecode.c.h; path = DXPageViewController.h; sourceTree = "<group>"; };
		77CEC5681A3A9D4000E0E968 /* DXPageViewController.m */ = {isa = PBXFileReference; fileEncoding = 4; lastKnownFileType = sourcecode.c.objc; path = DXPageViewController.m; sourceTree = "<group>"; };
		BE155B031A37EEF9008486DA /* AssetsLibrary.framework */ = {isa = PBXFileReference; lastKnownFileType = wrapper.framework; name = AssetsLibrary.framework; path = Platforms/iPhoneOS.platform/Developer/SDKs/iPhoneOS.sdk/System/Library/Frameworks/AssetsLibrary.framework; sourceTree = DEVELOPER_DIR; };
		BE155B051A37F0BD008486DA /* HomeViewController.h */ = {isa = PBXFileReference; fileEncoding = 4; lastKnownFileType = sourcecode.c.h; path = HomeViewController.h; sourceTree = "<group>"; };
		BE155B061A37F0BD008486DA /* HomeViewController.m */ = {isa = PBXFileReference; fileEncoding = 4; lastKnownFileType = sourcecode.c.objc; path = HomeViewController.m; sourceTree = "<group>"; };
		BE640A831A399BFB00761C38 /* DXImagePicker.h */ = {isa = PBXFileReference; fileEncoding = 4; lastKnownFileType = sourcecode.c.h; path = DXImagePicker.h; sourceTree = "<group>"; };
		BE640A841A399BFB00761C38 /* DXImagePicker.m */ = {isa = PBXFileReference; fileEncoding = 4; lastKnownFileType = sourcecode.c.objc; path = DXImagePicker.m; sourceTree = "<group>"; };
		BE640A851A399BFB00761C38 /* DXImagePickerImage.bundle */ = {isa = PBXFileReference; lastKnownFileType = "wrapper.plug-in"; path = DXImagePickerImage.bundle; sourceTree = "<group>"; };
		BE640A861A399BFB00761C38 /* DXPhotoCollectionViewCell.h */ = {isa = PBXFileReference; fileEncoding = 4; lastKnownFileType = sourcecode.c.h; path = DXPhotoCollectionViewCell.h; sourceTree = "<group>"; };
		BE640A871A399BFB00761C38 /* DXPhotoCollectionViewCell.m */ = {isa = PBXFileReference; fileEncoding = 4; lastKnownFileType = sourcecode.c.objc; path = DXPhotoCollectionViewCell.m; sourceTree = "<group>"; };
		BE640A891A399BFB00761C38 /* DXPopover.h */ = {isa = PBXFileReference; fileEncoding = 4; lastKnownFileType = sourcecode.c.h; path = DXPopover.h; sourceTree = "<group>"; };
		BE640A8A1A399BFB00761C38 /* DXPopover.m */ = {isa = PBXFileReference; fileEncoding = 4; lastKnownFileType = sourcecode.c.objc; path = DXPopover.m; sourceTree = "<group>"; };
		BE640A921A399C2900761C38 /* DXUtilViews.h */ = {isa = PBXFileReference; fileEncoding = 4; lastKnownFileType = sourcecode.c.h; path = DXUtilViews.h; sourceTree = "<group>"; };
		BE640A931A399C2900761C38 /* DXUtilViews.m */ = {isa = PBXFileReference; fileEncoding = 4; lastKnownFileType = sourcecode.c.objc; path = DXUtilViews.m; sourceTree = "<group>"; };
		BE7FCA881A37E782005C64F0 /* DXPhotoSelectBrowser.app */ = {isa = PBXFileReference; explicitFileType = wrapper.application; includeInIndex = 0; path = DXPhotoSelectBrowser.app; sourceTree = BUILT_PRODUCTS_DIR; };
		BE7FCA8B1A37E782005C64F0 /* Foundation.framework */ = {isa = PBXFileReference; lastKnownFileType = wrapper.framework; name = Foundation.framework; path = System/Library/Frameworks/Foundation.framework; sourceTree = SDKROOT; };
		BE7FCA8D1A37E782005C64F0 /* CoreGraphics.framework */ = {isa = PBXFileReference; lastKnownFileType = wrapper.framework; name = CoreGraphics.framework; path = System/Library/Frameworks/CoreGraphics.framework; sourceTree = SDKROOT; };
		BE7FCA8F1A37E782005C64F0 /* UIKit.framework */ = {isa = PBXFileReference; lastKnownFileType = wrapper.framework; name = UIKit.framework; path = System/Library/Frameworks/UIKit.framework; sourceTree = SDKROOT; };
		BE7FCA931A37E782005C64F0 /* DXPhotoSelectBrowser-Info.plist */ = {isa = PBXFileReference; lastKnownFileType = text.plist.xml; path = "DXPhotoSelectBrowser-Info.plist"; sourceTree = "<group>"; };
		BE7FCA951A37E782005C64F0 /* en */ = {isa = PBXFileReference; lastKnownFileType = text.plist.strings; name = en; path = en.lproj/InfoPlist.strings; sourceTree = "<group>"; };
		BE7FCA971A37E782005C64F0 /* main.m */ = {isa = PBXFileReference; lastKnownFileType = sourcecode.c.objc; path = main.m; sourceTree = "<group>"; };
		BE7FCA991A37E782005C64F0 /* DXPhotoSelectBrowser-Prefix.pch */ = {isa = PBXFileReference; lastKnownFileType = sourcecode.c.h; path = "DXPhotoSelectBrowser-Prefix.pch"; sourceTree = "<group>"; };
		BE7FCA9A1A37E782005C64F0 /* DXAppDelegate.h */ = {isa = PBXFileReference; lastKnownFileType = sourcecode.c.h; path = DXAppDelegate.h; sourceTree = "<group>"; };
		BE7FCA9B1A37E782005C64F0 /* DXAppDelegate.m */ = {isa = PBXFileReference; lastKnownFileType = sourcecode.c.objc; path = DXAppDelegate.m; sourceTree = "<group>"; };
		BE7FCA9D1A37E782005C64F0 /* Images.xcassets */ = {isa = PBXFileReference; lastKnownFileType = folder.assetcatalog; path = Images.xcassets; sourceTree = "<group>"; };
		BEF55D801A3A9090004BB443 /* DXDetailImageViewController.h */ = {isa = PBXFileReference; fileEncoding = 4; lastKnownFileType = sourcecode.c.h; path = DXDetailImageViewController.h; sourceTree = "<group>"; };
		BEF55D811A3A9090004BB443 /* DXDetailImageViewController.m */ = {isa = PBXFileReference; fileEncoding = 4; lastKnownFileType = sourcecode.c.objc; path = DXDetailImageViewController.m; sourceTree = "<group>"; };
/* End PBXFileReference section */

/* Begin PBXFrameworksBuildPhase section */
		BE7FCA851A37E782005C64F0 /* Frameworks */ = {
			isa = PBXFrameworksBuildPhase;
			buildActionMask = 2147483647;
			files = (
				BE7FCA8E1A37E782005C64F0 /* CoreGraphics.framework in Frameworks */,
				BE7FCA901A37E782005C64F0 /* UIKit.framework in Frameworks */,
				BE7FCA8C1A37E782005C64F0 /* Foundation.framework in Frameworks */,
				BE155B041A37EEF9008486DA /* AssetsLibrary.framework in Frameworks */,
			);
			runOnlyForDeploymentPostprocessing = 0;
		};
/* End PBXFrameworksBuildPhase section */

/* Begin PBXGroup section */
		BE640A821A399BFB00761C38 /* DXImagePicker */ = {
			isa = PBXGroup;
			children = (
				BE640A831A399BFB00761C38 /* DXImagePicker.h */,
				BE640A841A399BFB00761C38 /* DXImagePicker.m */,
				BE640A861A399BFB00761C38 /* DXPhotoCollectionViewCell.h */,
				BE640A871A399BFB00761C38 /* DXPhotoCollectionViewCell.m */,
				BEF55D801A3A9090004BB443 /* DXDetailImageViewController.h */,
				BEF55D811A3A9090004BB443 /* DXDetailImageViewController.m */,
				BE640A921A399C2900761C38 /* DXUtilViews.h */,
				BE640A931A399C2900761C38 /* DXUtilViews.m */,
				77CEC5671A3A9D4000E0E968 /* DXPageViewController.h */,
				77CEC5681A3A9D4000E0E968 /* DXPageViewController.m */,
				BE640A851A399BFB00761C38 /* DXImagePickerImage.bundle */,
				BE640A881A399BFB00761C38 /* DXPopover */,
			);
			path = DXImagePicker;
			sourceTree = "<group>";
		};
		BE640A881A399BFB00761C38 /* DXPopover */ = {
			isa = PBXGroup;
			children = (
				BE640A891A399BFB00761C38 /* DXPopover.h */,
				BE640A8A1A399BFB00761C38 /* DXPopover.m */,
			);
			path = DXPopover;
			sourceTree = "<group>";
		};
		BE7FCA7F1A37E782005C64F0 = {
			isa = PBXGroup;
			children = (
				BE7FCA911A37E782005C64F0 /* DXPhotoSelectBrowser */,
				BE7FCA8A1A37E782005C64F0 /* Frameworks */,
				BE7FCA891A37E782005C64F0 /* Products */,
			);
			sourceTree = "<group>";
		};
		BE7FCA891A37E782005C64F0 /* Products */ = {
			isa = PBXGroup;
			children = (
				BE7FCA881A37E782005C64F0 /* DXPhotoSelectBrowser.app */,
			);
			name = Products;
			sourceTree = "<group>";
		};
		BE7FCA8A1A37E782005C64F0 /* Frameworks */ = {
			isa = PBXGroup;
			children = (
				BE155B031A37EEF9008486DA /* AssetsLibrary.framework */,
				BE7FCA8B1A37E782005C64F0 /* Foundation.framework */,
				BE7FCA8D1A37E782005C64F0 /* CoreGraphics.framework */,
				BE7FCA8F1A37E782005C64F0 /* UIKit.framework */,
			);
			name = Frameworks;
			sourceTree = "<group>";
		};
		BE7FCA911A37E782005C64F0 /* DXPhotoSelectBrowser */ = {
			isa = PBXGroup;
			children = (
				BE640A821A399BFB00761C38 /* DXImagePicker */,
				BE7FCA9A1A37E782005C64F0 /* DXAppDelegate.h */,
				BE7FCA9B1A37E782005C64F0 /* DXAppDelegate.m */,
				BE155B051A37F0BD008486DA /* HomeViewController.h */,
				BE155B061A37F0BD008486DA /* HomeViewController.m */,
				BE7FCA9D1A37E782005C64F0 /* Images.xcassets */,
				BE7FCA921A37E782005C64F0 /* Supporting Files */,
			);
			path = DXPhotoSelectBrowser;
			sourceTree = "<group>";
		};
		BE7FCA921A37E782005C64F0 /* Supporting Files */ = {
			isa = PBXGroup;
			children = (
				BE7FCA931A37E782005C64F0 /* DXPhotoSelectBrowser-Info.plist */,
				BE7FCA941A37E782005C64F0 /* InfoPlist.strings */,
				BE7FCA971A37E782005C64F0 /* main.m */,
				BE7FCA991A37E782005C64F0 /* DXPhotoSelectBrowser-Prefix.pch */,
			);
			name = "Supporting Files";
			sourceTree = "<group>";
		};
/* End PBXGroup section */

/* Begin PBXNativeTarget section */
		BE7FCA871A37E782005C64F0 /* DXPhotoSelectBrowser */ = {
			isa = PBXNativeTarget;
			buildConfigurationList = BE7FCAB41A37E782005C64F0 /* Build configuration list for PBXNativeTarget "DXPhotoSelectBrowser" */;
			buildPhases = (
				BE7FCA841A37E782005C64F0 /* Sources */,
				BE7FCA851A37E782005C64F0 /* Frameworks */,
				BE7FCA861A37E782005C64F0 /* Resources */,
			);
			buildRules = (
			);
			dependencies = (
			);
			name = DXPhotoSelectBrowser;
			productName = DXPhotoSelectBrowser;
			productReference = BE7FCA881A37E782005C64F0 /* DXPhotoSelectBrowser.app */;
			productType = "com.apple.product-type.application";
		};
/* End PBXNativeTarget section */

/* Begin PBXProject section */
		BE7FCA801A37E782005C64F0 /* Project object */ = {
			isa = PBXProject;
			attributes = {
				CLASSPREFIX = DX;
				LastUpgradeCheck = 0510;
				ORGANIZATIONNAME = xiekw;
			};
			buildConfigurationList = BE7FCA831A37E782005C64F0 /* Build configuration list for PBXProject "DXPhotoSelectBrowser" */;
			compatibilityVersion = "Xcode 3.2";
			developmentRegion = English;
			hasScannedForEncodings = 0;
			knownRegions = (
				en,
			);
			mainGroup = BE7FCA7F1A37E782005C64F0;
			productRefGroup = BE7FCA891A37E782005C64F0 /* Products */;
			projectDirPath = "";
			projectRoot = "";
			targets = (
				BE7FCA871A37E782005C64F0 /* DXPhotoSelectBrowser */,
			);
		};
/* End PBXProject section */

/* Begin PBXResourcesBuildPhase section */
		BE7FCA861A37E782005C64F0 /* Resources */ = {
			isa = PBXResourcesBuildPhase;
			buildActionMask = 2147483647;
			files = (
				BE640A8E1A399BFB00761C38 /* DXImagePickerImage.bundle in Resources */,
				BE7FCA961A37E782005C64F0 /* InfoPlist.strings in Resources */,
				BE7FCA9E1A37E782005C64F0 /* Images.xcassets in Resources */,
			);
			runOnlyForDeploymentPostprocessing = 0;
		};
/* End PBXResourcesBuildPhase section */

/* Begin PBXSourcesBuildPhase section */
		BE7FCA841A37E782005C64F0 /* Sources */ = {
			isa = PBXSourcesBuildPhase;
			buildActionMask = 2147483647;
			files = (
				BE7FCA9C1A37E782005C64F0 /* DXAppDelegate.m in Sources */,
				77CEC5691A3A9D4000E0E968 /* DXPageViewController.m in Sources */,
				BEF55D821A3A9090004BB443 /* DXDetailImageViewController.m in Sources */,
				BE7FCA981A37E782005C64F0 /* main.m in Sources */,
				BE155B071A37F0BD008486DA /* HomeViewController.m in Sources */,
				BE640A8D1A399BFB00761C38 /* DXImagePicker.m in Sources */,
				BE640A8F1A399BFB00761C38 /* DXPhotoCollectionViewCell.m in Sources */,
				BE640A941A399C2900761C38 /* DXUtilViews.m in Sources */,
				BE640A901A399BFB00761C38 /* DXPopover.m in Sources */,
			);
			runOnlyForDeploymentPostprocessing = 0;
		};
/* End PBXSourcesBuildPhase section */

/* Begin PBXVariantGroup section */
		BE7FCA941A37E782005C64F0 /* InfoPlist.strings */ = {
			isa = PBXVariantGroup;
			children = (
				BE7FCA951A37E782005C64F0 /* en */,
			);
			name = InfoPlist.strings;
			sourceTree = "<group>";
		};
/* End PBXVariantGroup section */

/* Begin XCBuildConfiguration section */
		BE7FCAB21A37E782005C64F0 /* Debug */ = {
			isa = XCBuildConfiguration;
			buildSettings = {
				ALWAYS_SEARCH_USER_PATHS = NO;
				CLANG_CXX_LANGUAGE_STANDARD = "gnu++0x";
				CLANG_CXX_LIBRARY = "libc++";
				CLANG_ENABLE_MODULES = YES;
				CLANG_ENABLE_OBJC_ARC = YES;
				CLANG_WARN_BOOL_CONVERSION = YES;
				CLANG_WARN_CONSTANT_CONVERSION = YES;
				CLANG_WARN_DIRECT_OBJC_ISA_USAGE = YES_ERROR;
				CLANG_WARN_EMPTY_BODY = YES;
				CLANG_WARN_ENUM_CONVERSION = YES;
				CLANG_WARN_INT_CONVERSION = YES;
				CLANG_WARN_OBJC_ROOT_CLASS = YES_ERROR;
				CLANG_WARN__DUPLICATE_METHOD_MATCH = YES;
				"CODE_SIGN_IDENTITY[sdk=iphoneos*]" = "";
				COPY_PHASE_STRIP = NO;
				GCC_C_LANGUAGE_STANDARD = gnu99;
				GCC_DYNAMIC_NO_PIC = NO;
				GCC_OPTIMIZATION_LEVEL = 0;
				GCC_PREPROCESSOR_DEFINITIONS = (
					"DEBUG=1",
					"$(inherited)",
				);
				GCC_SYMBOLS_PRIVATE_EXTERN = NO;
				GCC_WARN_64_TO_32_BIT_CONVERSION = YES;
				GCC_WARN_ABOUT_RETURN_TYPE = YES_ERROR;
				GCC_WARN_UNDECLARED_SELECTOR = YES;
				GCC_WARN_UNINITIALIZED_AUTOS = YES_AGGRESSIVE;
				GCC_WARN_UNUSED_FUNCTION = YES;
				GCC_WARN_UNUSED_VARIABLE = YES;
				IPHONEOS_DEPLOYMENT_TARGET = 7.1;
				ONLY_ACTIVE_ARCH = YES;
				PROVISIONING_PROFILE = "834a83fd-991e-4711-9ea5-d2756268a422";
				SDKROOT = iphoneos;
				TARGETED_DEVICE_FAMILY = "1,2";
			};
			name = Debug;
		};
		BE7FCAB31A37E782005C64F0 /* Release */ = {
			isa = XCBuildConfiguration;
			buildSettings = {
				ALWAYS_SEARCH_USER_PATHS = NO;
				CLANG_CXX_LANGUAGE_STANDARD = "gnu++0x";
				CLANG_CXX_LIBRARY = "libc++";
				CLANG_ENABLE_MODULES = YES;
				CLANG_ENABLE_OBJC_ARC = YES;
				CLANG_WARN_BOOL_CONVERSION = YES;
				CLANG_WARN_CONSTANT_CONVERSION = YES;
				CLANG_WARN_DIRECT_OBJC_ISA_USAGE = YES_ERROR;
				CLANG_WARN_EMPTY_BODY = YES;
				CLANG_WARN_ENUM_CONVERSION = YES;
				CLANG_WARN_INT_CONVERSION = YES;
				CLANG_WARN_OBJC_ROOT_CLASS = YES_ERROR;
				CLANG_WARN__DUPLICATE_METHOD_MATCH = YES;
				"CODE_SIGN_IDENTITY[sdk=iphoneos*]" = "";
				COPY_PHASE_STRIP = YES;
				ENABLE_NS_ASSERTIONS = NO;
				GCC_C_LANGUAGE_STANDARD = gnu99;
				GCC_WARN_64_TO_32_BIT_CONVERSION = YES;
				GCC_WARN_ABOUT_RETURN_TYPE = YES_ERROR;
				GCC_WARN_UNDECLARED_SELECTOR = YES;
				GCC_WARN_UNINITIALIZED_AUTOS = YES_AGGRESSIVE;
				GCC_WARN_UNUSED_FUNCTION = YES;
				GCC_WARN_UNUSED_VARIABLE = YES;
				IPHONEOS_DEPLOYMENT_TARGET = 7.1;
				PROVISIONING_PROFILE = "834a83fd-991e-4711-9ea5-d2756268a422";
				SDKROOT = iphoneos;
				TARGETED_DEVICE_FAMILY = "1,2";
				VALIDATE_PRODUCT = YES;
			};
			name = Release;
		};
		BE7FCAB51A37E782005C64F0 /* Debug */ = {
			isa = XCBuildConfiguration;
			buildSettings = {
				ASSETCATALOG_COMPILER_APPICON_NAME = AppIcon;
				ASSETCATALOG_COMPILER_LAUNCHIMAGE_NAME = LaunchImage;
				CODE_SIGN_IDENTITY = "iPhone Developer";
				"CODE_SIGN_IDENTITY[sdk=iphoneos*]" = "iPhone Developer";
				FRAMEWORK_SEARCH_PATHS = "$(inherited)";
				GCC_PRECOMPILE_PREFIX_HEADER = YES;
				GCC_PREFIX_HEADER = "DXPhotoSelectBrowser/DXPhotoSelectBrowser-Prefix.pch";
				INFOPLIST_FILE = "DXPhotoSelectBrowser/DXPhotoSelectBrowser-Info.plist";
				PRODUCT_NAME = "$(TARGET_NAME)";
				PROVISIONING_PROFILE = "";
				WRAPPER_EXTENSION = app;
			};
			name = Debug;
		};
		BE7FCAB61A37E782005C64F0 /* Release */ = {
			isa = XCBuildConfiguration;
			buildSettings = {
				ASSETCATALOG_COMPILER_APPICON_NAME = AppIcon;
				ASSETCATALOG_COMPILER_LAUNCHIMAGE_NAME = LaunchImage;
				CODE_SIGN_IDENTITY = "iPhone Developer";
				"CODE_SIGN_IDENTITY[sdk=iphoneos*]" = "iPhone Developer";
				FRAMEWORK_SEARCH_PATHS = "$(inherited)";
				GCC_PRECOMPILE_PREFIX_HEADER = YES;
				GCC_PREFIX_HEADER = "DXPhotoSelectBrowser/DXPhotoSelectBrowser-Prefix.pch";
				INFOPLIST_FILE = "DXPhotoSelectBrowser/DXPhotoSelectBrowser-Info.plist";
				PRODUCT_NAME = "$(TARGET_NAME)";
				PROVISIONING_PROFILE = "";
				WRAPPER_EXTENSION = app;
			};
			name = Release;
		};
/* End XCBuildConfiguration section */

/* Begin XCConfigurationList section */
		BE7FCA831A37E782005C64F0 /* Build configuration list for PBXProject "DXPhotoSelectBrowser" */ = {
			isa = XCConfigurationList;
			buildConfigurations = (
				BE7FCAB21A37E782005C64F0 /* Debug */,
				BE7FCAB31A37E782005C64F0 /* Release */,
			);
			defaultConfigurationIsVisible = 0;
			defaultConfigurationName = Release;
		};
		BE7FCAB41A37E782005C64F0 /* Build configuration list for PBXNativeTarget "DXPhotoSelectBrowser" */ = {
			isa = XCConfigurationList;
			buildConfigurations = (
				BE7FCAB51A37E782005C64F0 /* Debug */,
				BE7FCAB61A37E782005C64F0 /* Release */,
			);
			defaultConfigurationIsVisible = 0;
			defaultConfigurationName = Release;
		};
/* End XCConfigurationList section */
	};
	rootObject = BE7FCA801A37E782005C64F0 /* Project object */;
}
